
Microsoft Visual Studio Solution File, Format Version 11.00
# Visual Studio 2010
Project("{FAE04EC0-301F-11D3-BF4B-00C04F79EFBC}") = "Assembly-CSharp", "Assembly-CSharp.csproj", "{f1f06bb6-aec2-a6a3-3d98-c891cc4b53ce}"
EndProject
Project("{FAE04EC0-301F-11D3-BF4B-00C04F79EFBC}") = "Assembly-CSharp-Editor", "Assembly-CSharp-Editor.csproj", "{fe6c51a3-e7c5-bb6e-9e01-92d7e96d840a}"
EndProject
Global
	GlobalSection(SolutionConfigurationPlatforms) = preSolution
		Debug|Any CPU = Debug|Any CPU
	EndGlobalSection
	GlobalSection(ProjectConfigurationPlatforms) = postSolution
		{f1f06bb6-aec2-a6a3-3d98-c891cc4b53ce}.Debug|Any CPU.ActiveCfg = Debug|Any CPU
		{f1f06bb6-aec2-a6a3-3d98-c891cc4b53ce}.Debug|Any CPU.Build.0 = Debug|Any CPU
		{fe6c51a3-e7c5-bb6e-9e01-92d7e96d840a}.Debug|Any CPU.ActiveCfg = Debug|Any CPU
		{fe6c51a3-e7c5-bb6e-9e01-92d7e96d840a}.Debug|Any CPU.Build.0 = Debug|Any CPU
	EndGlobalSection
	GlobalSection(SolutionProperties) = preSolution
		HideSolutionNode = FALSE
	EndGlobalSection
EndGlobal
